PODS:
  - "AFNetworking (4.0.1-fix+zhuanzhuan.4)":
    - "AFNetworking/NSURLSession (= 4.0.1-fix+zhuanzhuan.4)"
    - "AFNetworking/Reachability (= 4.0.1-fix+zhuanzhuan.4)"
    - "AFNetworking/Security (= 4.0.1-fix+zhuanzhuan.4)"
    - "AFNetworking/Serialization (= 4.0.1-fix+zhuanzhuan.4)"
    - "AFNetworking/UIKit (= 4.0.1-fix+zhuanzhuan.4)"
  - "AFNetworking/NSURLSession (4.0.1-fix+zhuanzhuan.4)":
    - AFNetworking/Reachability
    - AFNetworking/Security
    - AFNetworking/Serialization
  - "AFNetworking/Reachability (4.0.1-fix+zhuanzhuan.4)"
  - "AFNetworking/Security (4.0.1-fix+zhuanzhuan.4)"
  - "AFNetworking/Serialization (4.0.1-fix+zhuanzhuan.4)"
  - "AFNetworking/UIKit (4.0.1-fix+zhuanzhuan.4)":
    - AFNetworking/NSURLSession
  - libwebp (1.1.0):
    - libwebp/demux (= 1.1.0)
    - libwebp/mux (= 1.1.0)
    - libwebp/webp (= 1.1.0)
  - libwebp/demux (1.1.0):
    - libwebp/webp
  - libwebp/mux (1.1.0):
    - libwebp/demux
  - libwebp/webp (1.1.0)
  - "lottie-ios (2.1.8-stable.2+zhuanzhuan)"
  - MixTest (0.1.0)
  - SwiftyJSON (0.3.9)
  - ZZKit-Swift (0.4.6)

DEPENDENCIES:
  - "AFNetworking (= 4.0.1-fix+zhuanzhuan.4)"
  - libwebp (= 1.1.0)
  - "lottie-ios (= 2.1.8-stable.2+zhuanzhuan)"
  - MixTest (from `./MixTest`)
  - SwiftyJSON (from `Binary/SwiftyJSON`)
  - ZZKit-Swift (from `http://gitlab.zhuanspirit.com/zz-ios-open/ios_module_zzkit_swift.git`, tag `0.4.6`)

SPEC REPOS:
  http://gitlab.zhuanspirit.com/zz-ios-open/ZZOpenSpecs.git:
    - AFNetworking
    - libwebp
    - lottie-ios

EXTERNAL SOURCES:
  MixTest:
    :path: "./MixTest"
  SwiftyJSON:
    :path: Binary/SwiftyJSON
  ZZKit-Swift:
    :git: http://gitlab.zhuanspirit.com/zz-ios-open/ios_module_zzkit_swift.git
    :tag: 0.4.6

CHECKOUT OPTIONS:
  ZZKit-Swift:
    :git: http://gitlab.zhuanspirit.com/zz-ios-open/ios_module_zzkit_swift.git
    :tag: 0.4.6

SPEC CHECKSUMS:
  AFNetworking: 3190639ff5dfd212d659fdf92d85b3864d2860a5
  libwebp: bacdffcc031c698e83f501cf6689a827d32bb2e9
  lottie-ios: 4023eb1dbcd0311af530bbeed097d59c7169747f
  MixTest: c417282a2eae02c2a90429c6c042be081e98ad49
  SwiftyJSON: 77e933f5f83dce7e1d48f30a66f6314eed220aa2
  ZZKit-Swift: c322925b6ab08f9d5019175603c24124e31d039c

PODFILE CHECKSUM: 297de32b4fc431ef537f9fd265afe57864ab607e

COCOAPODS: 1.10.0
