PODS:
  - AFNetworking (0.3.9)
  - libwebp (1.1.0):
    - libwebp/demux (= 1.1.0)
    - libwebp/mux (= 1.1.0)
    - libwebp/webp (= 1.1.0)
  - libwebp/demux (1.1.0):
    - libwebp/webp
  - libwebp/mux (1.1.0):
    - libwebp/demux
  - libwebp/webp (1.1.0)
  - "lottie-ios (2.1.8-stable.2+zhuanzhuan)"
  - MixTest (0.1.0)
  - SwiftyJSON (5.0.1)
  - ZZKit-Swift (0.3.9)

DEPENDENCIES:
  - AFNetworking (from `Binary/AFNetworking`)
  - libwebp (= 1.1.0)
  - "lottie-ios (= 2.1.8-stable.2+zhuanzhuan)"
  - MixTest (from `./MixTest`)
  - SwiftyJSON (from `http://gitlab.zhuanspirit.com/zz-ios-open/ios_module_swifty_json.git`, tag `5.0.1`)
  - ZZKit-Swift (from `Binary/ZZKit-Swift`)

SPEC REPOS:
  http://gitlab.zhuanspirit.com/zz-ios-open/ZZOpenSpecs.git:
    - libwebp
    - lottie-ios

EXTERNAL SOURCES:
  AFNetworking:
    :path: Binary/AFNetworking
  MixTest:
    :path: "./MixTest"
  SwiftyJSON:
    :git: http://gitlab.zhuanspirit.com/zz-ios-open/ios_module_swifty_json.git
    :tag: 5.0.1
  ZZKit-Swift:
    :path: Binary/ZZKit-Swift

CHECKOUT OPTIONS:
  SwiftyJSON:
    :git: http://gitlab.zhuanspirit.com/zz-ios-open/ios_module_swifty_json.git
    :tag: 5.0.1

SPEC CHECKSUMS:
  AFNetworking: ca7c4a132c1a53e8042639f9148002dd6848853a
  libwebp: bacdffcc031c698e83f501cf6689a827d32bb2e9
  lottie-ios: 4023eb1dbcd0311af530bbeed097d59c7169747f
  MixTest: c417282a2eae02c2a90429c6c042be081e98ad49
  SwiftyJSON: f555982022bd81ad7330c871c6ec8205c439c5eb
  ZZKit-Swift: e0db2cca22084e33c6fd1fadfa826a7b60cf9843

PODFILE CHECKSUM: 2bcc91ad5b769d494ea66bb1519465a6da8d99f0

COCOAPODS: 1.10.0
