PODS:
  - "AFNetworking (4.0.1-fix+zhuanzhuan.4)":
    - "AFNetworking/NSURLSession (= 4.0.1-fix+zhuanzhuan.4)"
    - "AFNetworking/Reachability (= 4.0.1-fix+zhuanzhuan.4)"
    - "AFNetworking/Security (= 4.0.1-fix+zhuanzhuan.4)"
    - "AFNetworking/Serialization (= 4.0.1-fix+zhuanzhuan.4)"
    - "AFNetworking/UIKit (= 4.0.1-fix+zhuanzhuan.4)"
  - "AFNetworking/NSURLSession (4.0.1-fix+zhuanzhuan.4)":
    - AFNetworking/Reachability
    - AFNetworking/Security
    - AFNetworking/Serialization
  - "AFNetworking/Reachability (4.0.1-fix+zhuanzhuan.4)"
  - "AFNetworking/Security (4.0.1-fix+zhuanzhuan.4)"
  - "AFNetworking/Serialization (4.0.1-fix+zhuanzhuan.4)"
  - "AFNetworking/UIKit (4.0.1-fix+zhuanzhuan.4)":
    - AFNetworking/NSURLSession
  - libwebp (1.1.0):
    - libwebp/demux (= 1.1.0)
    - libwebp/mux (= 1.1.0)
    - libwebp/webp (= 1.1.0)
  - libwebp/demux (1.1.0):
    - libwebp/webp
  - libwebp/mux (1.1.0):
    - libwebp/demux
  - libwebp/webp (1.1.0)
  - "lottie-ios (2.1.8-stable.2+zhuanzhuan)"
  - MixTest (0.1.0)
  - SwiftyJSON (5.0.1)
  - ZZKit-Swift (0.3.9)

DEPENDENCIES:
  - "AFNetworking (= 4.0.1-fix+zhuanzhuan.4)"
  - libwebp (= 1.1.0)
  - "lottie-ios (= 2.1.8-stable.2+zhuanzhuan)"
  - MixTest (from `./MixTest`)
  - SwiftyJSON (from `http://gitlab.zhuanspirit.com/zz-ios-open/ios_module_swifty_json.git`, tag `5.0.1`)
  - ZZKit-Swift (from `Binary/ZZKit-Swift`)

SPEC REPOS:
  http://gitlab.zhuanspirit.com/zz-ios-open/ZZOpenSpecs.git:
    - AFNetworking
    - libwebp
    - lottie-ios

EXTERNAL SOURCES:
  MixTest:
    :path: "./MixTest"
  SwiftyJSON:
    :git: http://gitlab.zhuanspirit.com/zz-ios-open/ios_module_swifty_json.git
    :tag: 5.0.1
  ZZKit-Swift:
    :path: Binary/ZZKit-Swift

CHECKOUT OPTIONS:
  SwiftyJSON:
    :git: http://gitlab.zhuanspirit.com/zz-ios-open/ios_module_swifty_json.git
    :tag: 5.0.1

SPEC CHECKSUMS:
  AFNetworking: 3190639ff5dfd212d659fdf92d85b3864d2860a5
  libwebp: bacdffcc031c698e83f501cf6689a827d32bb2e9
  lottie-ios: 4023eb1dbcd0311af530bbeed097d59c7169747f
  MixTest: c417282a2eae02c2a90429c6c042be081e98ad49
  SwiftyJSON: f555982022bd81ad7330c871c6ec8205c439c5eb
  ZZKit-Swift: 193e58c059519037cde341907cbaaa5299143776

PODFILE CHECKSUM: 9c6268be8c625623496313e1f834a8adfde5a1e1

COCOAPODS: 1.10.0
